// !$*UTF8*$!
{
	archiveVersion = 1;
	classes = {
	};
	objectVersion = 50;
	objects = {

/* Begin PBXBuildFile section */
		36455B27234D84F400012935 /* AppKit.framework in Frameworks */ = {isa = PBXBuildFile; fileRef = 36455B1D234D84F400012935 /* AppKit.framework */; };
		36455B2C234D84F400012935 /* AppKitTests.swift in Sources */ = {isa = PBXBuildFile; fileRef = 36455B2B234D84F400012935 /* AppKitTests.swift */; };
		36455B2E234D84F400012935 /* AppKit.h in Headers */ = {isa = PBXBuildFile; fileRef = 36455B20234D84F400012935 /* AppKit.h */; settings = {ATTRIBUTES = (Public, ); }; };
		36455B39234D853200012935 /* SuperApp.swift in Sources */ = {isa = PBXBuildFile; fileRef = 36455B38234D853200012935 /* SuperApp.swift */; };
		36455B3C234D85D200012935 /* MenuIcon.swift in Sources */ = {isa = PBXBuildFile; fileRef = 36455B3B234D85D200012935 /* MenuIcon.swift */; };
		36455B3F234D888F00012935 /* HomeView.swift in Sources */ = {isa = PBXBuildFile; fileRef = 36455B3E234D888F00012935 /* HomeView.swift */; };
		36455B42234D89EB00012935 /* AppContext.swift in Sources */ = {isa = PBXBuildFile; fileRef = 36455B41234D89EB00012935 /* AppContext.swift */; };
		36455B44234D8A1100012935 /* User.swift in Sources */ = {isa = PBXBuildFile; fileRef = 36455B43234D8A1100012935 /* User.swift */; };
		36455B46234D8AE800012935 /* Application.swift in Sources */ = {isa = PBXBuildFile; fileRef = 36455B45234D8AE800012935 /* Application.swift */; };
		36455B48234D8C1E00012935 /* AppList.swift in Sources */ = {isa = PBXBuildFile; fileRef = 36455B47234D8C1E00012935 /* AppList.swift */; };
		36CFAC46234EDEDD00B3FC3F /* AppView.swift in Sources */ = {isa = PBXBuildFile; fileRef = 36CFAC45234EDEDD00B3FC3F /* AppView.swift */; };
		36CFAC6D234EE28B00B3FC3F /* AppDelegate.swift in Sources */ = {isa = PBXBuildFile; fileRef = 36CFAC6C234EE28B00B3FC3F /* AppDelegate.swift */; };
		36CFAC6F234EE28B00B3FC3F /* SceneDelegate.swift in Sources */ = {isa = PBXBuildFile; fileRef = 36CFAC6E234EE28B00B3FC3F /* SceneDelegate.swift */; };
		36CFAC71234EE28B00B3FC3F /* ContentView.swift in Sources */ = {isa = PBXBuildFile; fileRef = 36CFAC70234EE28B00B3FC3F /* ContentView.swift */; };
		36CFAC73234EE28B00B3FC3F /* Assets.xcassets in Resources */ = {isa = PBXBuildFile; fileRef = 36CFAC72234EE28B00B3FC3F /* Assets.xcassets */; };
		36CFAC76234EE28B00B3FC3F /* Preview Assets.xcassets in Resources */ = {isa = PBXBuildFile; fileRef = 36CFAC75234EE28B00B3FC3F /* Preview Assets.xcassets */; };
		36CFAC79234EE28B00B3FC3F /* LaunchScreen.storyboard in Resources */ = {isa = PBXBuildFile; fileRef = 36CFAC77234EE28B00B3FC3F /* LaunchScreen.storyboard */; };
		36CFAC7E234EE2C400B3FC3F /* AppKit.framework in Frameworks */ = {isa = PBXBuildFile; fileRef = 36455B1D234D84F400012935 /* AppKit.framework */; };
		36CFAC7F234EE2C400B3FC3F /* AppKit.framework in Embed Frameworks */ = {isa = PBXBuildFile; fileRef = 36455B1D234D84F400012935 /* AppKit.framework */; settings = {ATTRIBUTES = (CodeSignOnCopy, RemoveHeadersOnCopy, ); }; };
		36CFAC84234EEB6600B3FC3F /* AppKit.podspec in Resources */ = {isa = PBXBuildFile; fileRef = 36CFAC83234EEB6600B3FC3F /* AppKit.podspec */; };
/* End PBXBuildFile section */

/* Begin PBXContainerItemProxy section */
		36455B28234D84F400012935 /* PBXContainerItemProxy */ = {
			isa = PBXContainerItemProxy;
			containerPortal = 36455B14234D84F400012935 /* Project object */;
			proxyType = 1;
			remoteGlobalIDString = 36455B1C234D84F400012935;
			remoteInfo = AppKit;
		};
		36CFAC80234EE2C400B3FC3F /* PBXContainerItemProxy */ = {
			isa = PBXContainerItemProxy;
			containerPortal = 36455B14234D84F400012935 /* Project object */;
			proxyType = 1;
			remoteGlobalIDString = 36455B1C234D84F400012935;
			remoteInfo = AppKit;
		};
/* End PBXContainerItemProxy section */

/* Begin PBXCopyFilesBuildPhase section */
		36CFAC82234EE2C400B3FC3F /* Embed Frameworks */ = {
			isa = PBXCopyFilesBuildPhase;
			buildActionMask = 2147483647;
			dstPath = "";
			dstSubfolderSpec = 10;
			files = (
				36CFAC7F234EE2C400B3FC3F /* AppKit.framework in Embed Frameworks */,
			);
			name = "Embed Frameworks";
			runOnlyForDeploymentPostprocessing = 0;
		};
/* End PBXCopyFilesBuildPhase section */

/* Begin PBXFileReference section */
		36455B1D234D84F400012935 /* AppKit.framework */ = {isa = PBXFileReference; explicitFileType = wrapper.framework; includeInIndex = 0; path = AppKit.framework; sourceTree = BUILT_PRODUCTS_DIR; };
		36455B20234D84F400012935 /* AppKit.h */ = {isa = PBXFileReference; lastKnownFileType = sourcecode.c.h; path = AppKit.h; sourceTree = "<group>"; };
		36455B21234D84F400012935 /* Info.plist */ = {isa = PBXFileReference; lastKnownFileType = text.plist.xml; path = Info.plist; sourceTree = "<group>"; };
		36455B26234D84F400012935 /* AppKitTests.xctest */ = {isa = PBXFileReference; explicitFileType = wrapper.cfbundle; includeInIndex = 0; path = AppKitTests.xctest; sourceTree = BUILT_PRODUCTS_DIR; };
		36455B2B234D84F400012935 /* AppKitTests.swift */ = {isa = PBXFileReference; lastKnownFileType = sourcecode.swift; path = AppKitTests.swift; sourceTree = "<group>"; };
		36455B2D234D84F400012935 /* Info.plist */ = {isa = PBXFileReference; lastKnownFileType = text.plist.xml; path = Info.plist; sourceTree = "<group>"; };
		36455B38234D853200012935 /* SuperApp.swift */ = {isa = PBXFileReference; lastKnownFileType = sourcecode.swift; path = SuperApp.swift; sourceTree = "<group>"; };
		36455B3B234D85D200012935 /* MenuIcon.swift */ = {isa = PBXFileReference; lastKnownFileType = sourcecode.swift; path = MenuIcon.swift; sourceTree = "<group>"; };
		36455B3E234D888F00012935 /* HomeView.swift */ = {isa = PBXFileReference; lastKnownFileType = sourcecode.swift; path = HomeView.swift; sourceTree = "<group>"; };
		36455B41234D89EB00012935 /* AppContext.swift */ = {isa = PBXFileReference; lastKnownFileType = sourcecode.swift; path = AppContext.swift; sourceTree = "<group>"; };
		36455B43234D8A1100012935 /* User.swift */ = {isa = PBXFileReference; lastKnownFileType = sourcecode.swift; path = User.swift; sourceTree = "<group>"; };
		36455B45234D8AE800012935 /* Application.swift */ = {isa = PBXFileReference; lastKnownFileType = sourcecode.swift; path = Application.swift; sourceTree = "<group>"; };
		36455B47234D8C1E00012935 /* AppList.swift */ = {isa = PBXFileReference; lastKnownFileType = sourcecode.swift; path = AppList.swift; sourceTree = "<group>"; };
		36CFAC45234EDEDD00B3FC3F /* AppView.swift */ = {isa = PBXFileReference; lastKnownFileType = sourcecode.swift; path = AppView.swift; sourceTree = "<group>"; };
		36CFAC6A234EE28B00B3FC3F /* SampleApp.app */ = {isa = PBXFileReference; explicitFileType = wrapper.application; includeInIndex = 0; path = SampleApp.app; sourceTree = BUILT_PRODUCTS_DIR; };
		36CFAC6C234EE28B00B3FC3F /* AppDelegate.swift */ = {isa = PBXFileReference; lastKnownFileType = sourcecode.swift; path = AppDelegate.swift; sourceTree = "<group>"; };
		36CFAC6E234EE28B00B3FC3F /* SceneDelegate.swift */ = {isa = PBXFileReference; lastKnownFileType = sourcecode.swift; path = SceneDelegate.swift; sourceTree = "<group>"; };
		36CFAC70234EE28B00B3FC3F /* ContentView.swift */ = {isa = PBXFileReference; lastKnownFileType = sourcecode.swift; path = ContentView.swift; sourceTree = "<group>"; };
		36CFAC72234EE28B00B3FC3F /* Assets.xcassets */ = {isa = PBXFileReference; lastKnownFileType = folder.assetcatalog; path = Assets.xcassets; sourceTree = "<group>"; };
		36CFAC75234EE28B00B3FC3F /* Preview Assets.xcassets */ = {isa = PBXFileReference; lastKnownFileType = folder.assetcatalog; path = "Preview Assets.xcassets"; sourceTree = "<group>"; };
		36CFAC78234EE28B00B3FC3F /* Base */ = {isa = PBXFileReference; lastKnownFileType = file.storyboard; name = Base; path = Base.lproj/LaunchScreen.storyboard; sourceTree = "<group>"; };
		36CFAC7A234EE28B00B3FC3F /* Info.plist */ = {isa = PBXFileReference; lastKnownFileType = text.plist.xml; path = Info.plist; sourceTree = "<group>"; };
		36CFAC83234EEB6600B3FC3F /* AppKit.podspec */ = {isa = PBXFileReference; fileEncoding = 4; lastKnownFileType = text; path = AppKit.podspec; sourceTree = "<group>"; };
/* End PBXFileReference section */

/* Begin PBXFrameworksBuildPhase section */
		36455B1A234D84F400012935 /* Frameworks */ = {
			isa = PBXFrameworksBuildPhase;
			buildActionMask = 2147483647;
			files = (
			);
			runOnlyForDeploymentPostprocessing = 0;
		};
		36455B23234D84F400012935 /* Frameworks */ = {
			isa = PBXFrameworksBuildPhase;
			buildActionMask = 2147483647;
			files = (
				36455B27234D84F400012935 /* AppKit.framework in Frameworks */,
			);
			runOnlyForDeploymentPostprocessing = 0;
		};
		36CFAC67234EE28B00B3FC3F /* Frameworks */ = {
			isa = PBXFrameworksBuildPhase;
			buildActionMask = 2147483647;
			files = (
				36CFAC7E234EE2C400B3FC3F /* AppKit.framework in Frameworks */,
			);
			runOnlyForDeploymentPostprocessing = 0;
		};
/* End PBXFrameworksBuildPhase section */

/* Begin PBXGroup section */
		36455B13234D84F400012935 = {
			isa = PBXGroup;
			children = (
				36CFAC83234EEB6600B3FC3F /* AppKit.podspec */,
				36455B1F234D84F400012935 /* AppKit */,
				36455B2A234D84F400012935 /* AppKitTests */,
				36CFAC6B234EE28B00B3FC3F /* SampleApp */,
				36455B1E234D84F400012935 /* Products */,
				36CFAC60234EE25000B3FC3F /* Frameworks */,
			);
			sourceTree = "<group>";
		};
		36455B1E234D84F400012935 /* Products */ = {
			isa = PBXGroup;
			children = (
				36455B1D234D84F400012935 /* AppKit.framework */,
				36455B26234D84F400012935 /* AppKitTests.xctest */,
				36CFAC6A234EE28B00B3FC3F /* SampleApp.app */,
			);
			name = Products;
			sourceTree = "<group>";
		};
		36455B1F234D84F400012935 /* AppKit */ = {
			isa = PBXGroup;
			children = (
				36455B40234D899100012935 /* Models */,
				36455B3D234D883500012935 /* HomeScreen */,
				36455B38234D853200012935 /* SuperApp.swift */,
				36455B20234D84F400012935 /* AppKit.h */,
				36455B21234D84F400012935 /* Info.plist */,
			);
			path = AppKit;
			sourceTree = "<group>";
		};
		36455B2A234D84F400012935 /* AppKitTests */ = {
			isa = PBXGroup;
			children = (
				36455B2B234D84F400012935 /* AppKitTests.swift */,
				36455B2D234D84F400012935 /* Info.plist */,
			);
			path = AppKitTests;
			sourceTree = "<group>";
		};
		36455B3D234D883500012935 /* HomeScreen */ = {
			isa = PBXGroup;
			children = (
				36455B3B234D85D200012935 /* MenuIcon.swift */,
				36455B3E234D888F00012935 /* HomeView.swift */,
				36455B47234D8C1E00012935 /* AppList.swift */,
				36CFAC45234EDEDD00B3FC3F /* AppView.swift */,
			);
			path = HomeScreen;
			sourceTree = "<group>";
		};
		36455B40234D899100012935 /* Models */ = {
			isa = PBXGroup;
			children = (
				36455B41234D89EB00012935 /* AppContext.swift */,
				36455B43234D8A1100012935 /* User.swift */,
				36455B45234D8AE800012935 /* Application.swift */,
			);
			path = Models;
			sourceTree = "<group>";
		};
		36CFAC60234EE25000B3FC3F /* Frameworks */ = {
			isa = PBXGroup;
			children = (
			);
			name = Frameworks;
			sourceTree = "<group>";
		};
		36CFAC6B234EE28B00B3FC3F /* SampleApp */ = {
			isa = PBXGroup;
			children = (
				36CFAC6C234EE28B00B3FC3F /* AppDelegate.swift */,
				36CFAC6E234EE28B00B3FC3F /* SceneDelegate.swift */,
				36CFAC70234EE28B00B3FC3F /* ContentView.swift */,
				36CFAC72234EE28B00B3FC3F /* Assets.xcassets */,
				36CFAC77234EE28B00B3FC3F /* LaunchScreen.storyboard */,
				36CFAC7A234EE28B00B3FC3F /* Info.plist */,
				36CFAC74234EE28B00B3FC3F /* Preview Content */,
			);
			path = SampleApp;
			sourceTree = "<group>";
		};
		36CFAC74234EE28B00B3FC3F /* Preview Content */ = {
			isa = PBXGroup;
			children = (
				36CFAC75234EE28B00B3FC3F /* Preview Assets.xcassets */,
			);
			path = "Preview Content";
			sourceTree = "<group>";
		};
/* End PBXGroup section */

/* Begin PBXHeadersBuildPhase section */
		36455B18234D84F400012935 /* Headers */ = {
			isa = PBXHeadersBuildPhase;
			buildActionMask = 2147483647;
			files = (
				36455B2E234D84F400012935 /* AppKit.h in Headers */,
			);
			runOnlyForDeploymentPostprocessing = 0;
		};
/* End PBXHeadersBuildPhase section */

/* Begin PBXNativeTarget section */
		36455B1C234D84F400012935 /* AppKit */ = {
			isa = PBXNativeTarget;
			buildConfigurationList = 36455B31234D84F400012935 /* Build configuration list for PBXNativeTarget "AppKit" */;
			buildPhases = (
				36455B18234D84F400012935 /* Headers */,
				36455B19234D84F400012935 /* Sources */,
				36455B1A234D84F400012935 /* Frameworks */,
				36455B1B234D84F400012935 /* Resources */,
			);
			buildRules = (
			);
			dependencies = (
			);
			name = AppKit;
			productName = AppKit;
			productReference = 36455B1D234D84F400012935 /* AppKit.framework */;
			productType = "com.apple.product-type.framework";
		};
		36455B25234D84F400012935 /* AppKitTests */ = {
			isa = PBXNativeTarget;
			buildConfigurationList = 36455B34234D84F400012935 /* Build configuration list for PBXNativeTarget "AppKitTests" */;
			buildPhases = (
				36455B22234D84F400012935 /* Sources */,
				36455B23234D84F400012935 /* Frameworks */,
				36455B24234D84F400012935 /* Resources */,
			);
			buildRules = (
			);
			dependencies = (
				36455B29234D84F400012935 /* PBXTargetDependency */,
			);
			name = AppKitTests;
			productName = AppKitTests;
			productReference = 36455B26234D84F400012935 /* AppKitTests.xctest */;
			productType = "com.apple.product-type.bundle.unit-test";
		};
		36CFAC69234EE28B00B3FC3F /* SampleApp */ = {
			isa = PBXNativeTarget;
			buildConfigurationList = 36CFAC7B234EE28B00B3FC3F /* Build configuration list for PBXNativeTarget "SampleApp" */;
			buildPhases = (
				36CFAC66234EE28B00B3FC3F /* Sources */,
				36CFAC67234EE28B00B3FC3F /* Frameworks */,
				36CFAC68234EE28B00B3FC3F /* Resources */,
				36CFAC82234EE2C400B3FC3F /* Embed Frameworks */,
			);
			buildRules = (
			);
			dependencies = (
				36CFAC81234EE2C400B3FC3F /* PBXTargetDependency */,
			);
			name = SampleApp;
			productName = SampleApp;
			productReference = 36CFAC6A234EE28B00B3FC3F /* SampleApp.app */;
			productType = "com.apple.product-type.application";
		};
/* End PBXNativeTarget section */

/* Begin PBXProject section */
		36455B14234D84F400012935 /* Project object */ = {
			isa = PBXProject;
			attributes = {
				LastSwiftUpdateCheck = 1110;
				LastUpgradeCheck = 1100;
				ORGANIZATIONNAME = "Tran Thien Khiem";
				TargetAttributes = {
					36455B1C234D84F400012935 = {
						CreatedOnToolsVersion = 11.0;
						LastSwiftMigration = 1100;
					};
					36455B25234D84F400012935 = {
						CreatedOnToolsVersion = 11.0;
					};
					36CFAC69234EE28B00B3FC3F = {
						CreatedOnToolsVersion = 11.1;
					};
				};
			};
			buildConfigurationList = 36455B17234D84F400012935 /* Build configuration list for PBXProject "AppKit" */;
			compatibilityVersion = "Xcode 9.3";
			developmentRegion = en;
			hasScannedForEncodings = 0;
			knownRegions = (
				en,
				Base,
			);
			mainGroup = 36455B13234D84F400012935;
			productRefGroup = 36455B1E234D84F400012935 /* Products */;
			projectDirPath = "";
			projectRoot = "";
			targets = (
				36455B1C234D84F400012935 /* AppKit */,
				36455B25234D84F400012935 /* AppKitTests */,
				36CFAC69234EE28B00B3FC3F /* SampleApp */,
			);
		};
/* End PBXProject section */

/* Begin PBXResourcesBuildPhase section */
		36455B1B234D84F400012935 /* Resources */ = {
			isa = PBXResourcesBuildPhase;
			buildActionMask = 2147483647;
			files = (
				36CFAC84234EEB6600B3FC3F /* AppKit.podspec in Resources */,
			);
			runOnlyForDeploymentPostprocessing = 0;
		};
		36455B24234D84F400012935 /* Resources */ = {
			isa = PBXResourcesBuildPhase;
			buildActionMask = 2147483647;
			files = (
			);
			runOnlyForDeploymentPostprocessing = 0;
		};
		36CFAC68234EE28B00B3FC3F /* Resources */ = {
			isa = PBXResourcesBuildPhase;
			buildActionMask = 2147483647;
			files = (
				36CFAC79234EE28B00B3FC3F /* LaunchScreen.storyboard in Resources */,
				36CFAC76234EE28B00B3FC3F /* Preview Assets.xcassets in Resources */,
				36CFAC73234EE28B00B3FC3F /* Assets.xcassets in Resources */,
			);
			runOnlyForDeploymentPostprocessing = 0;
		};
/* End PBXResourcesBuildPhase section */

/* Begin PBXSourcesBuildPhase section */
		36455B19234D84F400012935 /* Sources */ = {
			isa = PBXSourcesBuildPhase;
			buildActionMask = 2147483647;
			files = (
				36455B46234D8AE800012935 /* Application.swift in Sources */,
				36455B3F234D888F00012935 /* HomeView.swift in Sources */,
				36455B48234D8C1E00012935 /* AppList.swift in Sources */,
				36455B42234D89EB00012935 /* AppContext.swift in Sources */,
				36CFAC46234EDEDD00B3FC3F /* AppView.swift in Sources */,
				36455B39234D853200012935 /* SuperApp.swift in Sources */,
				36455B44234D8A1100012935 /* User.swift in Sources */,
				36455B3C234D85D200012935 /* MenuIcon.swift in Sources */,
			);
			runOnlyForDeploymentPostprocessing = 0;
		};
		36455B22234D84F400012935 /* Sources */ = {
			isa = PBXSourcesBuildPhase;
			buildActionMask = 2147483647;
			files = (
				36455B2C234D84F400012935 /* AppKitTests.swift in Sources */,
			);
			runOnlyForDeploymentPostprocessing = 0;
		};
		36CFAC66234EE28B00B3FC3F /* Sources */ = {
			isa = PBXSourcesBuildPhase;
			buildActionMask = 2147483647;
			files = (
				36CFAC6D234EE28B00B3FC3F /* AppDelegate.swift in Sources */,
				36CFAC6F234EE28B00B3FC3F /* SceneDelegate.swift in Sources */,
				36CFAC71234EE28B00B3FC3F /* ContentView.swift in Sources */,
			);
			runOnlyForDeploymentPostprocessing = 0;
		};
/* End PBXSourcesBuildPhase section */

/* Begin PBXTargetDependency section */
		36455B29234D84F400012935 /* PBXTargetDependency */ = {
			isa = PBXTargetDependency;
			target = 36455B1C234D84F400012935 /* AppKit */;
			targetProxy = 36455B28234D84F400012935 /* PBXContainerItemProxy */;
		};
		36CFAC81234EE2C400B3FC3F /* PBXTargetDependency */ = {
			isa = PBXTargetDependency;
			target = 36455B1C234D84F400012935 /* AppKit */;
			targetProxy = 36CFAC80234EE2C400B3FC3F /* PBXContainerItemProxy */;
		};
/* End PBXTargetDependency section */

/* Begin PBXVariantGroup section */
		36CFAC77234EE28B00B3FC3F /* LaunchScreen.storyboard */ = {
			isa = PBXVariantGroup;
			children = (
				36CFAC78234EE28B00B3FC3F /* Base */,
			);
			name = LaunchScreen.storyboard;
			sourceTree = "<group>";
		};
/* End PBXVariantGroup section */

/* Begin XCBuildConfiguration section */
		36455B2F234D84F400012935 /* Debug */ = {
			isa = XCBuildConfiguration;
			buildSettings = {
				ALWAYS_SEARCH_USER_PATHS = NO;
				CLANG_ANALYZER_NONNULL = YES;
				CLANG_ANALYZER_NUMBER_OBJECT_CONVERSION = YES_AGGRESSIVE;
				CLANG_CXX_LANGUAGE_STANDARD = "gnu++14";
				CLANG_CXX_LIBRARY = "libc++";
				CLANG_ENABLE_MODULES = YES;
				CLANG_ENABLE_OBJC_ARC = YES;
				CLANG_ENABLE_OBJC_WEAK = YES;
				CLANG_WARN_BLOCK_CAPTURE_AUTORELEASING = YES;
				CLANG_WARN_BOOL_CONVERSION = YES;
				CLANG_WARN_COMMA = YES;
				CLANG_WARN_CONSTANT_CONVERSION = YES;
				CLANG_WARN_DEPRECATED_OBJC_IMPLEMENTATIONS = YES;
				CLANG_WARN_DIRECT_OBJC_ISA_USAGE = YES_ERROR;
				CLANG_WARN_DOCUMENTATION_COMMENTS = YES;
				CLANG_WARN_EMPTY_BODY = YES;
				CLANG_WARN_ENUM_CONVERSION = YES;
				CLANG_WARN_INFINITE_RECURSION = YES;
				CLANG_WARN_INT_CONVERSION = YES;
				CLANG_WARN_NON_LITERAL_NULL_CONVERSION = YES;
				CLANG_WARN_OBJC_IMPLICIT_RETAIN_SELF = YES;
				CLANG_WARN_OBJC_LITERAL_CONVERSION = YES;
				CLANG_WARN_OBJC_ROOT_CLASS = YES_ERROR;
				CLANG_WARN_RANGE_LOOP_ANALYSIS = YES;
				CLANG_WARN_STRICT_PROTOTYPES = YES;
				CLANG_WARN_SUSPICIOUS_MOVE = YES;
				CLANG_WARN_UNGUARDED_AVAILABILITY = YES_AGGRESSIVE;
				CLANG_WARN_UNREACHABLE_CODE = YES;
				CLANG_WARN__DUPLICATE_METHOD_MATCH = YES;
				COPY_PHASE_STRIP = NO;
				CURRENT_PROJECT_VERSION = 1;
				DEBUG_INFORMATION_FORMAT = dwarf;
				ENABLE_STRICT_OBJC_MSGSEND = YES;
				ENABLE_TESTABILITY = YES;
				GCC_C_LANGUAGE_STANDARD = gnu11;
				GCC_DYNAMIC_NO_PIC = NO;
				GCC_NO_COMMON_BLOCKS = YES;
				GCC_OPTIMIZATION_LEVEL = 0;
				GCC_PREPROCESSOR_DEFINITIONS = (
					"DEBUG=1",
					"$(inherited)",
				);
				GCC_WARN_64_TO_32_BIT_CONVERSION = YES;
				GCC_WARN_ABOUT_RETURN_TYPE = YES_ERROR;
				GCC_WARN_UNDECLARED_SELECTOR = YES;
				GCC_WARN_UNINITIALIZED_AUTOS = YES_AGGRESSIVE;
				GCC_WARN_UNUSED_FUNCTION = YES;
				GCC_WARN_UNUSED_VARIABLE = YES;
				IPHONEOS_DEPLOYMENT_TARGET = 13.0;
				MTL_ENABLE_DEBUG_INFO = INCLUDE_SOURCE;
				MTL_FAST_MATH = YES;
				ONLY_ACTIVE_ARCH = YES;
				SDKROOT = iphoneos;
				SWIFT_ACTIVE_COMPILATION_CONDITIONS = DEBUG;
				SWIFT_OPTIMIZATION_LEVEL = "-Onone";
				VERSIONING_SYSTEM = "apple-generic";
				VERSION_INFO_PREFIX = "";
			};
			name = Debug;
		};
		36455B30234D84F400012935 /* Release */ = {
			isa = XCBuildConfiguration;
			buildSettings = {
				ALWAYS_SEARCH_USER_PATHS = NO;
				CLANG_ANALYZER_NONNULL = YES;
				CLANG_ANALYZER_NUMBER_OBJECT_CONVERSION = YES_AGGRESSIVE;
				CLANG_CXX_LANGUAGE_STANDARD = "gnu++14";
				CLANG_CXX_LIBRARY = "libc++";
				CLANG_ENABLE_MODULES = YES;
				CLANG_ENABLE_OBJC_ARC = YES;
				CLANG_ENABLE_OBJC_WEAK = YES;
				CLANG_WARN_BLOCK_CAPTURE_AUTORELEASING = YES;
				CLANG_WARN_BOOL_CONVERSION = YES;
				CLANG_WARN_COMMA = YES;
				CLANG_WARN_CONSTANT_CONVERSION = YES;
				CLANG_WARN_DEPRECATED_OBJC_IMPLEMENTATIONS = YES;
				CLANG_WARN_DIRECT_OBJC_ISA_USAGE = YES_ERROR;
				CLANG_WARN_DOCUMENTATION_COMMENTS = YES;
				CLANG_WARN_EMPTY_BODY = YES;
				CLANG_WARN_ENUM_CONVERSION = YES;
				CLANG_WARN_INFINITE_RECURSION = YES;
				CLANG_WARN_INT_CONVERSION = YES;
				CLANG_WARN_NON_LITERAL_NULL_CONVERSION = YES;
				CLANG_WARN_OBJC_IMPLICIT_RETAIN_SELF = YES;
				CLANG_WARN_OBJC_LITERAL_CONVERSION = YES;
				CLANG_WARN_OBJC_ROOT_CLASS = YES_ERROR;
				CLANG_WARN_RANGE_LOOP_ANALYSIS = YES;
				CLANG_WARN_STRICT_PROTOTYPES = YES;
				CLANG_WARN_SUSPICIOUS_MOVE = YES;
				CLANG_WARN_UNGUARDED_AVAILABILITY = YES_AGGRESSIVE;
				CLANG_WARN_UNREACHABLE_CODE = YES;
				CLANG_WARN__DUPLICATE_METHOD_MATCH = YES;
				COPY_PHASE_STRIP = NO;
				CURRENT_PROJECT_VERSION = 1;
				DEBUG_INFORMATION_FORMAT = "dwarf-with-dsym";
				ENABLE_NS_ASSERTIONS = NO;
				ENABLE_STRICT_OBJC_MSGSEND = YES;
				GCC_C_LANGUAGE_STANDARD = gnu11;
				GCC_NO_COMMON_BLOCKS = YES;
				GCC_WARN_64_TO_32_BIT_CONVERSION = YES;
				GCC_WARN_ABOUT_RETURN_TYPE = YES_ERROR;
				GCC_WARN_UNDECLARED_SELECTOR = YES;
				GCC_WARN_UNINITIALIZED_AUTOS = YES_AGGRESSIVE;
				GCC_WARN_UNUSED_FUNCTION = YES;
				GCC_WARN_UNUSED_VARIABLE = YES;
				IPHONEOS_DEPLOYMENT_TARGET = 13.0;
				MTL_ENABLE_DEBUG_INFO = NO;
				MTL_FAST_MATH = YES;
				SDKROOT = iphoneos;
				SWIFT_COMPILATION_MODE = wholemodule;
				SWIFT_OPTIMIZATION_LEVEL = "-O";
				VALIDATE_PRODUCT = YES;
				VERSIONING_SYSTEM = "apple-generic";
				VERSION_INFO_PREFIX = "";
			};
			name = Release;
		};
		36455B32234D84F400012935 /* Debug */ = {
			isa = XCBuildConfiguration;
			buildSettings = {
				CLANG_ENABLE_MODULES = YES;
				CODE_SIGN_STYLE = Automatic;
				DEFINES_MODULE = YES;
				DEVELOPMENT_TEAM = QL9Q47DN4Y;
				DYLIB_COMPATIBILITY_VERSION = 1;
				DYLIB_CURRENT_VERSION = 1;
				DYLIB_INSTALL_NAME_BASE = "@rpath";
				INFOPLIST_FILE = AppKit/Info.plist;
				INSTALL_PATH = "$(LOCAL_LIBRARY_DIR)/Frameworks";
				LD_RUNPATH_SEARCH_PATHS = (
					"$(inherited)",
					"@executable_path/Frameworks",
					"@loader_path/Frameworks",
				);
				PRODUCT_BUNDLE_IDENTIFIER = com.banhtieu.AppKit;
				PRODUCT_NAME = "$(TARGET_NAME:c99extidentifier)";
				SKIP_INSTALL = YES;
				SWIFT_OPTIMIZATION_LEVEL = "-Onone";
				SWIFT_VERSION = 5.0;
				TARGETED_DEVICE_FAMILY = "1,2";
			};
			name = Debug;
		};
		36455B33234D84F400012935 /* Release */ = {
			isa = XCBuildConfiguration;
			buildSettings = {
				CLANG_ENABLE_MODULES = YES;
				CODE_SIGN_STYLE = Automatic;
				DEFINES_MODULE = YES;
				DEVELOPMENT_TEAM = QL9Q47DN4Y;
				DYLIB_COMPATIBILITY_VERSION = 1;
				DYLIB_CURRENT_VERSION = 1;
				DYLIB_INSTALL_NAME_BASE = "@rpath";
				INFOPLIST_FILE = AppKit/Info.plist;
				INSTALL_PATH = "$(LOCAL_LIBRARY_DIR)/Frameworks";
				LD_RUNPATH_SEARCH_PATHS = (
					"$(inherited)",
					"@executable_path/Frameworks",
					"@loader_path/Frameworks",
				);
				PRODUCT_BUNDLE_IDENTIFIER = com.banhtieu.AppKit;
				PRODUCT_NAME = "$(TARGET_NAME:c99extidentifier)";
				SKIP_INSTALL = YES;
				SWIFT_VERSION = 5.0;
				TARGETED_DEVICE_FAMILY = "1,2";
			};
			name = Release;
		};
		36455B35234D84F400012935 /* Debug */ = {
			isa = XCBuildConfiguration;
			buildSettings = {
				ALWAYS_EMBED_SWIFT_STANDARD_LIBRARIES = YES;
				CODE_SIGN_STYLE = Automatic;
				DEVELOPMENT_TEAM = QL9Q47DN4Y;
				INFOPLIST_FILE = AppKitTests/Info.plist;
				LD_RUNPATH_SEARCH_PATHS = (
					"$(inherited)",
					"@executable_path/Frameworks",
					"@loader_path/Frameworks",
				);
				PRODUCT_BUNDLE_IDENTIFIER = com.banhtieu.AppKitTests;
				PRODUCT_NAME = "$(TARGET_NAME)";
				SWIFT_VERSION = 5.0;
				TARGETED_DEVICE_FAMILY = "1,2";
			};
			name = Debug;
		};
		36455B36234D84F400012935 /* Release */ = {
			isa = XCBuildConfiguration;
			buildSettings = {
				ALWAYS_EMBED_SWIFT_STANDARD_LIBRARIES = YES;
				CODE_SIGN_STYLE = Automatic;
				DEVELOPMENT_TEAM = QL9Q47DN4Y;
				INFOPLIST_FILE = AppKitTests/Info.plist;
				LD_RUNPATH_SEARCH_PATHS = (
					"$(inherited)",
					"@executable_path/Frameworks",
					"@loader_path/Frameworks",
				);
				PRODUCT_BUNDLE_IDENTIFIER = com.banhtieu.AppKitTests;
				PRODUCT_NAME = "$(TARGET_NAME)";
				SWIFT_VERSION = 5.0;
				TARGETED_DEVICE_FAMILY = "1,2";
			};
			name = Release;
		};
		36CFAC7C234EE28B00B3FC3F /* Debug */ = {
			isa = XCBuildConfiguration;
			buildSettings = {
				ASSETCATALOG_COMPILER_APPICON_NAME = AppIcon;
				CODE_SIGN_STYLE = Automatic;
				DEVELOPMENT_ASSET_PATHS = "\"SampleApp/Preview Content\"";
				DEVELOPMENT_TEAM = QL9Q47DN4Y;
				ENABLE_PREVIEWS = YES;
				INFOPLIST_FILE = SampleApp/Info.plist;
				IPHONEOS_DEPLOYMENT_TARGET = 13.1;
				LD_RUNPATH_SEARCH_PATHS = (
					"$(inherited)",
					"@executable_path/Frameworks",
				);
				PRODUCT_BUNDLE_IDENTIFIER = com.banhtieu.SampleApp;
				PRODUCT_NAME = "$(TARGET_NAME)";
				SWIFT_VERSION = 5.0;
				TARGETED_DEVICE_FAMILY = "1,2";
			};
			name = Debug;
		};
		36CFAC7D234EE28B00B3FC3F /* Release */ = {
			isa = XCBuildConfiguration;
			buildSettings = {
				ASSETCATALOG_COMPILER_APPICON_NAME = AppIcon;
				CODE_SIGN_STYLE = Automatic;
				DEVELOPMENT_ASSET_PATHS = "\"SampleApp/Preview Content\"";
				DEVELOPMENT_TEAM = QL9Q47DN4Y;
				ENABLE_PREVIEWS = YES;
				INFOPLIST_FILE = SampleApp/Info.plist;
				IPHONEOS_DEPLOYMENT_TARGET = 13.1;
				LD_RUNPATH_SEARCH_PATHS = (
					"$(inherited)",
					"@executable_path/Frameworks",
				);
				PRODUCT_BUNDLE_IDENTIFIER = com.banhtieu.SampleApp;
				PRODUCT_NAME = "$(TARGET_NAME)";
				SWIFT_VERSION = 5.0;
				TARGETED_DEVICE_FAMILY = "1,2";
			};
			name = Release;
		};
/* End XCBuildConfiguration section */

/* Begin XCConfigurationList section */
		36455B17234D84F400012935 /* Build configuration list for PBXProject "AppKit" */ = {
			isa = XCConfigurationList;
			buildConfigurations = (
				36455B2F234D84F400012935 /* Debug */,
				36455B30234D84F400012935 /* Release */,
			);
			defaultConfigurationIsVisible = 0;
			defaultConfigurationName = Release;
		};
		36455B31234D84F400012935 /* Build configuration list for PBXNativeTarget "AppKit" */ = {
			isa = XCConfigurationList;
			buildConfigurations = (
				36455B32234D84F400012935 /* Debug */,
				36455B33234D84F400012935 /* Release */,
			);
			defaultConfigurationIsVisible = 0;
			defaultConfigurationName = Release;
		};
		36455B34234D84F400012935 /* Build configuration list for PBXNativeTarget "AppKitTests" */ = {
			isa = XCConfigurationList;
			buildConfigurations = (
				36455B35234D84F400012935 /* Debug */,
				36455B36234D84F400012935 /* Release */,
			);
			defaultConfigurationIsVisible = 0;
			defaultConfigurationName = Release;
		};
		36CFAC7B234EE28B00B3FC3F /* Build configuration list for PBXNativeTarget "SampleApp" */ = {
			isa = XCConfigurationList;
			buildConfigurations = (
				36CFAC7C234EE28B00B3FC3F /* Debug */,
				36CFAC7D234EE28B00B3FC3F /* Release */,
			);
			defaultConfigurationIsVisible = 0;
			defaultConfigurationName = Release;
		};
/* End XCConfigurationList section */
	};
	rootObject = 36455B14234D84F400012935 /* Project object */;
}
